
Microsoft Visual Studio Solution File, Format Version 12.00
# Visual Studio Version 17
VisualStudioVersion = 17.4.33213.308
MinimumVisualStudioVersion = 10.0.40219.1
Project("{9A19103F-16F7-4668-BE54-9A1E7A4F7556}") = "WebApp", "WebApp\WebApp.csproj", "{7B08DC3B-AF34-4B61-8F91-A044B9C0776B}"
EndProject
Global
	GlobalSection(SolutionConfigurationPlatforms) = preSolution
		Debug|Any CPU = Debug|Any CPU
		Release|Any CPU = Release|Any CPU
	EndGlobalSection
	GlobalSection(ProjectConfigurationPlatforms) = postSolution
		{7B08DC3B-AF34-4B61-8F91-A044B9C0776B}.Debug|Any CPU.ActiveCfg = Debug|Any CPU
		{7B08DC3B-AF34-4B61-8F91-A044B9C0776B}.Debug|Any CPU.Build.0 = Debug|Any CPU
		{7B08DC3B-AF34-4B61-8F91-A044B9C0776B}.Release|Any CPU.ActiveCfg = Release|Any CPU
		{7B08DC3B-AF34-4B61-8F91-A044B9C0776B}.Release|Any CPU.Build.0 = Release|Any CPU
	EndGlobalSection
	GlobalSection(SolutionProperties) = preSolution
		HideSolutionNode = FALSE
	EndGlobalSection
	GlobalSection(ExtensibilityGlobals) = postSolution
		SolutionGuid = {56EA09A3-623E-4BC7-80DE-00345725B24D}
	EndGlobalSection
EndGlobal
